
Microsoft Visual Studio Solution File, Format Version 12.00
# Visual Studio Version 17
VisualStudioVersion = 17.0.32014.148
MinimumVisualStudioVersion = 10.0.40219.1
Project("{FAE04EC0-301F-11D3-BF4B-00C04F79EFBC}") = "MethodsExercize1", "MethodsExercize1\MethodsExercize1.csproj", "{44890309-9746-4899-9D88-A565282CE8AB}"
EndProject
Global
	GlobalSection(SolutionConfigurationPlatforms) = preSolution
		Debug|Any CPU = Debug|Any CPU
		Release|Any CPU = Release|Any CPU
	EndGlobalSection
	GlobalSection(ProjectConfigurationPlatforms) = postSolution
		{44890309-9746-4899-9D88-A565282CE8AB}.Debug|Any CPU.ActiveCfg = Debug|Any CPU
		{44890309-9746-4899-9D88-A565282CE8AB}.Debug|Any CPU.Build.0 = Debug|Any CPU
		{44890309-9746-4899-9D88-A565282CE8AB}.Release|Any CPU.ActiveCfg = Release|Any CPU
		{44890309-9746-4899-9D88-A565282CE8AB}.Release|Any CPU.Build.0 = Release|Any CPU
	EndGlobalSection
	GlobalSection(SolutionProperties) = preSolution
		HideSolutionNode = FALSE
	EndGlobalSection
	GlobalSection(ExtensibilityGlobals) = postSolution
		SolutionGuid = {FD996056-25F5-4B05-A7AE-0BC0324F8BBA}
	EndGlobalSection
EndGlobal
